
Microsoft Visual Studio Solution File, Format Version 12.00
# Visual Studio 2013
VisualStudioVersion = 12.0.31101.0
MinimumVisualStudioVersion = 10.0.40219.1
Project("{FAE04EC0-301F-11D3-BF4B-00C04F79EFBC}") = "MySugarTracker", "MySugarTracker\MySugarTracker.csproj", "{C6C1138A-B3D7-4CA0-B125-E1252D0F7A2B}"
EndProject
Project("{FAE04EC0-301F-11D3-BF4B-00C04F79EFBC}") = "MySugarTracker.Tests", "MySugarTracker.Tests\MySugarTracker.Tests.csproj", "{99A83463-F7FB-4B23-98A9-45D5D2990EA4}"
EndProject
Project("{2150E333-8FDC-42A3-9474-1A3956D46DE8}") = "PublishScripts", "PublishScripts", "{FC1132D8-B022-4293-B9B1-B32EA2BE2014}"
	ProjectSection(SolutionItems) = preProject
		PublishScripts\AzureWebsitePublishModule.psm1 = PublishScripts\AzureWebsitePublishModule.psm1
		PublishScripts\Publish-WebApplicationWebsite.ps1 = PublishScripts\Publish-WebApplicationWebsite.ps1
	EndProjectSection
EndProject
Project("{2150E333-8FDC-42A3-9474-1A3956D46DE8}") = "Configurations", "Configurations", "{A4AA4943-647F-4A92-AA20-B58298284230}"
	ProjectSection(SolutionItems) = preProject
		PublishScripts\Configurations\MySugarTracker-WAWS-dev.json = PublishScripts\Configurations\MySugarTracker-WAWS-dev.json
	EndProjectSection
EndProject
Project("{2150E333-8FDC-42A3-9474-1A3956D46DE8}") = ".nuget", ".nuget", "{EE13DC1C-9CB8-467A-AA29-82952F311485}"
	ProjectSection(SolutionItems) = preProject
		.nuget\packages.config = .nuget\packages.config
	EndProjectSection
EndProject
Global
	GlobalSection(SolutionConfigurationPlatforms) = preSolution
		Debug|Any CPU = Debug|Any CPU
		Release|Any CPU = Release|Any CPU
	EndGlobalSection
	GlobalSection(ProjectConfigurationPlatforms) = postSolution
		{C6C1138A-B3D7-4CA0-B125-E1252D0F7A2B}.Debug|Any CPU.ActiveCfg = Debug|Any CPU
		{C6C1138A-B3D7-4CA0-B125-E1252D0F7A2B}.Debug|Any CPU.Build.0 = Debug|Any CPU
		{C6C1138A-B3D7-4CA0-B125-E1252D0F7A2B}.Release|Any CPU.ActiveCfg = Release|Any CPU
		{C6C1138A-B3D7-4CA0-B125-E1252D0F7A2B}.Release|Any CPU.Build.0 = Release|Any CPU
		{99A83463-F7FB-4B23-98A9-45D5D2990EA4}.Debug|Any CPU.ActiveCfg = Debug|Any CPU
		{99A83463-F7FB-4B23-98A9-45D5D2990EA4}.Debug|Any CPU.Build.0 = Debug|Any CPU
		{99A83463-F7FB-4B23-98A9-45D5D2990EA4}.Release|Any CPU.ActiveCfg = Release|Any CPU
		{99A83463-F7FB-4B23-98A9-45D5D2990EA4}.Release|Any CPU.Build.0 = Release|Any CPU
	EndGlobalSection
	GlobalSection(SolutionProperties) = preSolution
		HideSolutionNode = FALSE
	EndGlobalSection
	GlobalSection(NestedProjects) = preSolution
		{A4AA4943-647F-4A92-AA20-B58298284230} = {FC1132D8-B022-4293-B9B1-B32EA2BE2014}
	EndGlobalSection
EndGlobal
